github.com/lib/pq v1.8.0 h1:9xohqzkUwzR4Ga4ivdTcawVS89YSDVxXMa3xJX3cGzg=
github.com/lib/pq v1.8.0/go.mod h1:AlVN5x4E4T544tWzH6hKfbfQvm3HdbOxrmggDNAPY9o=
github.com/xlzd/gotp v0.0.0-20181030022105-c8557ba2c119 h1:YyPWX3jLOtYKulBR6AScGIs74lLrJcgeKRwcbAuQOG4=
github.com/xlzd/gotp v0.0.0-20181030022105-c8557ba2c119/go.mod h1:/nuTSlK+okRfR/vnIPqR89fFKonnWPiZymN5ydRJkX8=
